// !$*UTF8*$!
{
	archiveVersion = 1;
	classes = {
	};
	objectVersion = 46;
	objects = {

/* Begin PBXBuildFile section */
		C2318FA2206245E800EF0C07 /* main.m in Sources */ = {isa = PBXBuildFile; fileRef = C2318FA1206245E800EF0C07 /* main.m */; };
		C2318FA5206245E800EF0C07 /* JWAppDelegate.m in Sources */ = {isa = PBXBuildFile; fileRef = C2318FA4206245E800EF0C07 /* JWAppDelegate.m */; };
		C2318FAD206245E800EF0C07 /* Assets.xcassets in Resources */ = {isa = PBXBuildFile; fileRef = C2318FAC206245E800EF0C07 /* Assets.xcassets */; };
		C2318FB0206245E800EF0C07 /* LaunchScreen.storyboard in Resources */ = {isa = PBXBuildFile; fileRef = C2318FAE206245E800EF0C07 /* LaunchScreen.storyboard */; };
		C2318FBB206245E900EF0C07 /* JWWaveViewTests.m in Sources */ = {isa = PBXBuildFile; fileRef = C2318FBA206245E900EF0C07 /* JWWaveViewTests.m */; };
		C2318FC6206245E900EF0C07 /* JWWaveViewUITests.m in Sources */ = {isa = PBXBuildFile; fileRef = C2318FC5206245E900EF0C07 /* JWWaveViewUITests.m */; };
		C2318FD6206247BD00EF0C07 /* JWMainTableViewController.m in Sources */ = {isa = PBXBuildFile; fileRef = C2318FD5206247BD00EF0C07 /* JWMainTableViewController.m */; };
		C2318FE2206248E500EF0C07 /* JWWaveView.m in Sources */ = {isa = PBXBuildFile; fileRef = C2318FD9206248E500EF0C07 /* JWWaveView.m */; };
		C2318FEB206249EC00EF0C07 /* JWWaveTableCell.m in Sources */ = {isa = PBXBuildFile; fileRef = C2318FE7206249EC00EF0C07 /* JWWaveTableCell.m */; };
		C2318FEC206249EC00EF0C07 /* JWWaveInCellTestViewController.m in Sources */ = {isa = PBXBuildFile; fileRef = C2318FE8206249EC00EF0C07 /* JWWaveInCellTestViewController.m */; };
		C2318FEE206253B700EF0C07 /* JWWaveView-Info.plist in Resources */ = {isa = PBXBuildFile; fileRef = C2318FED206253B700EF0C07 /* JWWaveView-Info.plist */; };
/* End PBXBuildFile section */

/* Begin PBXContainerItemProxy section */
		C2318FB7206245E900EF0C07 /* PBXContainerItemProxy */ = {
			isa = PBXContainerItemProxy;
			containerPortal = C2318F95206245E800EF0C07 /* Project object */;
			proxyType = 1;
			remoteGlobalIDString = C2318F9C206245E800EF0C07;
			remoteInfo = JWWaveView;
		};
		C2318FC2206245E900EF0C07 /* PBXContainerItemProxy */ = {
			isa = PBXContainerItemProxy;
			containerPortal = C2318F95206245E800EF0C07 /* Project object */;
			proxyType = 1;
			remoteGlobalIDString = C2318F9C206245E800EF0C07;
			remoteInfo = JWWaveView;
		};
/* End PBXContainerItemProxy section */

/* Begin PBXFileReference section */
		C2318F9D206245E800EF0C07 /* JWWaveView.app */ = {isa = PBXFileReference; explicitFileType = wrapper.application; includeInIndex = 0; path = JWWaveView.app; sourceTree = BUILT_PRODUCTS_DIR; };
		C2318FA1206245E800EF0C07 /* main.m */ = {isa = PBXFileReference; lastKnownFileType = sourcecode.c.objc; path = main.m; sourceTree = "<group>"; };
		C2318FA3206245E800EF0C07 /* JWAppDelegate.h */ = {isa = PBXFileReference; lastKnownFileType = sourcecode.c.h; path = JWAppDelegate.h; sourceTree = "<group>"; };
		C2318FA4206245E800EF0C07 /* JWAppDelegate.m */ = {isa = PBXFileReference; lastKnownFileType = sourcecode.c.objc; path = JWAppDelegate.m; sourceTree = "<group>"; };
		C2318FAC206245E800EF0C07 /* Assets.xcassets */ = {isa = PBXFileReference; lastKnownFileType = folder.assetcatalog; path = Assets.xcassets; sourceTree = "<group>"; };
		C2318FAF206245E800EF0C07 /* Base */ = {isa = PBXFileReference; lastKnownFileType = file.storyboard; name = Base; path = Base.lproj/LaunchScreen.storyboard; sourceTree = "<group>"; };
		C2318FB6206245E900EF0C07 /* JWWaveViewTests.xctest */ = {isa = PBXFileReference; explicitFileType = wrapper.cfbundle; includeInIndex = 0; path = JWWaveViewTests.xctest; sourceTree = BUILT_PRODUCTS_DIR; };
		C2318FBA206245E900EF0C07 /* JWWaveViewTests.m */ = {isa = PBXFileReference; lastKnownFileType = sourcecode.c.objc; path = JWWaveViewTests.m; sourceTree = "<group>"; };
		C2318FBC206245E900EF0C07 /* Info.plist */ = {isa = PBXFileReference; lastKnownFileType = text.plist.xml; path = Info.plist; sourceTree = "<group>"; };
		C2318FC1206245E900EF0C07 /* JWWaveViewUITests.xctest */ = {isa = PBXFileReference; explicitFileType = wrapper.cfbundle; includeInIndex = 0; path = JWWaveViewUITests.xctest; sourceTree = BUILT_PRODUCTS_DIR; };
		C2318FC5206245E900EF0C07 /* JWWaveViewUITests.m */ = {isa = PBXFileReference; lastKnownFileType = sourcecode.c.objc; path = JWWaveViewUITests.m; sourceTree = "<group>"; };
		C2318FC7206245E900EF0C07 /* Info.plist */ = {isa = PBXFileReference; lastKnownFileType = text.plist.xml; path = Info.plist; sourceTree = "<group>"; };
		C2318FD4206247BD00EF0C07 /* JWMainTableViewController.h */ = {isa = PBXFileReference; fileEncoding = 4; lastKnownFileType = sourcecode.c.h; path = JWMainTableViewController.h; sourceTree = "<group>"; };
		C2318FD5206247BD00EF0C07 /* JWMainTableViewController.m */ = {isa = PBXFileReference; fileEncoding = 4; lastKnownFileType = sourcecode.c.objc; path = JWMainTableViewController.m; sourceTree = "<group>"; };
		C2318FD9206248E500EF0C07 /* JWWaveView.m */ = {isa = PBXFileReference; fileEncoding = 4; lastKnownFileType = sourcecode.c.objc; path = JWWaveView.m; sourceTree = "<group>"; };
		C2318FDD206248E500EF0C07 /* JWWaveView.h */ = {isa = PBXFileReference; fileEncoding = 4; lastKnownFileType = sourcecode.c.h; path = JWWaveView.h; sourceTree = "<group>"; };
		C2318FE7206249EC00EF0C07 /* JWWaveTableCell.m */ = {isa = PBXFileReference; fileEncoding = 4; lastKnownFileType = sourcecode.c.objc; path = JWWaveTableCell.m; sourceTree = "<group>"; };
		C2318FE8206249EC00EF0C07 /* JWWaveInCellTestViewController.m */ = {isa = PBXFileReference; fileEncoding = 4; lastKnownFileType = sourcecode.c.objc; path = JWWaveInCellTestViewController.m; sourceTree = "<group>"; };
		C2318FE9206249EC00EF0C07 /* JWWaveTableCell.h */ = {isa = PBXFileReference; fileEncoding = 4; lastKnownFileType = sourcecode.c.h; path = JWWaveTableCell.h; sourceTree = "<group>"; };
		C2318FEA206249EC00EF0C07 /* JWWaveInCellTestViewController.h */ = {isa = PBXFileReference; fileEncoding = 4; lastKnownFileType = sourcecode.c.h; path = JWWaveInCellTestViewController.h; sourceTree = "<group>"; };
		C2318FED206253B700EF0C07 /* JWWaveView-Info.plist */ = {isa = PBXFileReference; fileEncoding = 4; lastKnownFileType = text.plist.xml; path = "JWWaveView-Info.plist"; sourceTree = "<group>"; };
/* End PBXFileReference section */

/* Begin PBXFrameworksBuildPhase section */
		C2318F9A206245E800EF0C07 /* Frameworks */ = {
			isa = PBXFrameworksBuildPhase;
			buildActionMask = 2147483647;
			files = (
			);
			runOnlyForDeploymentPostprocessing = 0;
		};
		C2318FB3206245E900EF0C07 /* Frameworks */ = {
			isa = PBXFrameworksBuildPhase;
			buildActionMask = 2147483647;
			files = (
			);
			runOnlyForDeploymentPostprocessing = 0;
		};
		C2318FBE206245E900EF0C07 /* Frameworks */ = {
			isa = PBXFrameworksBuildPhase;
			buildActionMask = 2147483647;
			files = (
			);
			runOnlyForDeploymentPostprocessing = 0;
		};
/* End PBXFrameworksBuildPhase section */

/* Begin PBXGroup section */
		C2318F94206245E800EF0C07 = {
			isa = PBXGroup;
			children = (
				C2318F9F206245E800EF0C07 /* JWWaveView */,
				C2318FB9206245E900EF0C07 /* JWWaveViewTests */,
				C2318FC4206245E900EF0C07 /* JWWaveViewUITests */,
				C2318F9E206245E800EF0C07 /* Products */,
			);
			sourceTree = "<group>";
		};
		C2318F9E206245E800EF0C07 /* Products */ = {
			isa = PBXGroup;
			children = (
				C2318F9D206245E800EF0C07 /* JWWaveView.app */,
				C2318FB6206245E900EF0C07 /* JWWaveViewTests.xctest */,
				C2318FC1206245E900EF0C07 /* JWWaveViewUITests.xctest */,
			);
			name = Products;
			sourceTree = "<group>";
		};
		C2318F9F206245E800EF0C07 /* JWWaveView */ = {
			isa = PBXGroup;
			children = (
				C2318FA3206245E800EF0C07 /* JWAppDelegate.h */,
				C2318FA4206245E800EF0C07 /* JWAppDelegate.m */,
				C2318FED206253B700EF0C07 /* JWWaveView-Info.plist */,
				C2318FAC206245E800EF0C07 /* Assets.xcassets */,
				C2318FAE206245E800EF0C07 /* LaunchScreen.storyboard */,
				C2318FD7206248E500EF0C07 /* WaveEffect */,
				C2318FD32062479E00EF0C07 /* TestExamples */,
				C2318FA0206245E800EF0C07 /* Supporting Files */,
			);
			path = JWWaveView;
			sourceTree = "<group>";
		};
		C2318FA0206245E800EF0C07 /* Supporting Files */ = {
			isa = PBXGroup;
			children = (
				C2318FA1206245E800EF0C07 /* main.m */,
			);
			name = "Supporting Files";
			sourceTree = "<group>";
		};
		C2318FB9206245E900EF0C07 /* JWWaveViewTests */ = {
			isa = PBXGroup;
			children = (
				C2318FBA206245E900EF0C07 /* JWWaveViewTests.m */,
				C2318FBC206245E900EF0C07 /* Info.plist */,
			);
			path = JWWaveViewTests;
			sourceTree = "<group>";
		};
		C2318FC4206245E900EF0C07 /* JWWaveViewUITests */ = {
			isa = PBXGroup;
			children = (
				C2318FC5206245E900EF0C07 /* JWWaveViewUITests.m */,
				C2318FC7206245E900EF0C07 /* Info.plist */,
			);
			path = JWWaveViewUITests;
			sourceTree = "<group>";
		};
		C2318FD32062479E00EF0C07 /* TestExamples */ = {
			isa = PBXGroup;
			children = (
				C2318FD4206247BD00EF0C07 /* JWMainTableViewController.h */,
				C2318FD5206247BD00EF0C07 /* JWMainTableViewController.m */,
				C2318FE6206249EC00EF0C07 /* WaveViewInCells */,
			);
			path = TestExamples;
			sourceTree = "<group>";
		};
		C2318FD7206248E500EF0C07 /* WaveEffect */ = {
			isa = PBXGroup;
			children = (
				C2318FDD206248E500EF0C07 /* JWWaveView.h */,
				C2318FD9206248E500EF0C07 /* JWWaveView.m */,
			);
			path = WaveEffect;
			sourceTree = "<group>";
		};
		C2318FE6206249EC00EF0C07 /* WaveViewInCells */ = {
			isa = PBXGroup;
			children = (
				C2318FE9206249EC00EF0C07 /* JWWaveTableCell.h */,
				C2318FE7206249EC00EF0C07 /* JWWaveTableCell.m */,
				C2318FEA206249EC00EF0C07 /* JWWaveInCellTestViewController.h */,
				C2318FE8206249EC00EF0C07 /* JWWaveInCellTestViewController.m */,
			);
			path = WaveViewInCells;
			sourceTree = "<group>";
		};
/* End PBXGroup section */

/* Begin PBXNativeTarget section */
		C2318F9C206245E800EF0C07 /* JWWaveView */ = {
			isa = PBXNativeTarget;
			buildConfigurationList = C2318FCA206245E900EF0C07 /* Build configuration list for PBXNativeTarget "JWWaveView" */;
			buildPhases = (
				C2318F99206245E800EF0C07 /* Sources */,
				C2318F9A206245E800EF0C07 /* Frameworks */,
				C2318F9B206245E800EF0C07 /* Resources */,
			);
			buildRules = (
			);
			dependencies = (
			);
			name = JWWaveView;
			productName = JWWaveView;
			productReference = C2318F9D206245E800EF0C07 /* JWWaveView.app */;
			productType = "com.apple.product-type.application";
		};
		C2318FB5206245E900EF0C07 /* JWWaveViewTests */ = {
			isa = PBXNativeTarget;
			buildConfigurationList = C2318FCD206245E900EF0C07 /* Build configuration list for PBXNativeTarget "JWWaveViewTests" */;
			buildPhases = (
				C2318FB2206245E900EF0C07 /* Sources */,
				C2318FB3206245E900EF0C07 /* Frameworks */,
				C2318FB4206245E900EF0C07 /* Resources */,
			);
			buildRules = (
			);
			dependencies = (
				C2318FB8206245E900EF0C07 /* PBXTargetDependency */,
			);
			name = JWWaveViewTests;
			productName = JWWaveViewTests;
			productReference = C2318FB6206245E900EF0C07 /* JWWaveViewTests.xctest */;
			productType = "com.apple.product-type.bundle.unit-test";
		};
		C2318FC0206245E900EF0C07 /* JWWaveViewUITests */ = {
			isa = PBXNativeTarget;
			buildConfigurationList = C2318FD0206245E900EF0C07 /* Build configuration list for PBXNativeTarget "JWWaveViewUITests" */;
			buildPhases = (
				C2318FBD206245E900EF0C07 /* Sources */,
				C2318FBE206245E900EF0C07 /* Frameworks */,
				C2318FBF206245E900EF0C07 /* Resources */,
			);
			buildRules = (
			);
			dependencies = (
				C2318FC3206245E900EF0C07 /* PBXTargetDependency */,
			);
			name = JWWaveViewUITests;
			productName = JWWaveViewUITests;
			productReference = C2318FC1206245E900EF0C07 /* JWWaveViewUITests.xctest */;
			productType = "com.apple.product-type.bundle.ui-testing";
		};
/* End PBXNativeTarget section */

/* Begin PBXProject section */
		C2318F95206245E800EF0C07 /* Project object */ = {
			isa = PBXProject;
			attributes = {
				CLASSPREFIX = JW;
				LastUpgradeCheck = 0830;
				ORGANIZATIONNAME = JiangWang;
				TargetAttributes = {
					C2318F9C206245E800EF0C07 = {
						CreatedOnToolsVersion = 8.3.3;
						DevelopmentTeam = Y39R442P5T;
						ProvisioningStyle = Automatic;
					};
					C2318FB5206245E900EF0C07 = {
						CreatedOnToolsVersion = 8.3.3;
						DevelopmentTeam = Y39R442P5T;
						ProvisioningStyle = Automatic;
						TestTargetID = C2318F9C206245E800EF0C07;
					};
					C2318FC0206245E900EF0C07 = {
						CreatedOnToolsVersion = 8.3.3;
						DevelopmentTeam = Y39R442P5T;
						ProvisioningStyle = Automatic;
						TestTargetID = C2318F9C206245E800EF0C07;
					};
				};
			};
			buildConfigurationList = C2318F98206245E800EF0C07 /* Build configuration list for PBXProject "JWWaveView" */;
			compatibilityVersion = "Xcode 3.2";
			developmentRegion = English;
			hasScannedForEncodings = 0;
			knownRegions = (
				en,
				Base,
			);
			mainGroup = C2318F94206245E800EF0C07;
			productRefGroup = C2318F9E206245E800EF0C07 /* Products */;
			projectDirPath = "";
			projectRoot = "";
			targets = (
				C2318F9C206245E800EF0C07 /* JWWaveView */,
				C2318FB5206245E900EF0C07 /* JWWaveViewTests */,
				C2318FC0206245E900EF0C07 /* JWWaveViewUITests */,
			);
		};
/* End PBXProject section */

/* Begin PBXResourcesBuildPhase section */
		C2318F9B206245E800EF0C07 /* Resources */ = {
			isa = PBXResourcesBuildPhase;
			buildActionMask = 2147483647;
			files = (
				C2318FB0206245E800EF0C07 /* LaunchScreen.storyboard in Resources */,
				C2318FEE206253B700EF0C07 /* JWWaveView-Info.plist in Resources */,
				C2318FAD206245E800EF0C07 /* Assets.xcassets in Resources */,
			);
			runOnlyForDeploymentPostprocessing = 0;
		};
		C2318FB4206245E900EF0C07 /* Resources */ = {
			isa = PBXResourcesBuildPhase;
			buildActionMask = 2147483647;
			files = (
			);
			runOnlyForDeploymentPostprocessing = 0;
		};
		C2318FBF206245E900EF0C07 /* Resources */ = {
			isa = PBXResourcesBuildPhase;
			buildActionMask = 2147483647;
			files = (
			);
			runOnlyForDeploymentPostprocessing = 0;
		};
/* End PBXResourcesBuildPhase section */

/* Begin PBXSourcesBuildPhase section */
		C2318F99206245E800EF0C07 /* Sources */ = {
			isa = PBXSourcesBuildPhase;
			buildActionMask = 2147483647;
			files = (
				C2318FEC206249EC00EF0C07 /* JWWaveInCellTestViewController.m in Sources */,
				C2318FE2206248E500EF0C07 /* JWWaveView.m in Sources */,
				C2318FA5206245E800EF0C07 /* JWAppDelegate.m in Sources */,
				C2318FD6206247BD00EF0C07 /* JWMainTableViewController.m in Sources */,
				C2318FA2206245E800EF0C07 /* main.m in Sources */,
				C2318FEB206249EC00EF0C07 /* JWWaveTableCell.m in Sources */,
			);
			runOnlyForDeploymentPostprocessing = 0;
		};
		C2318FB2206245E900EF0C07 /* Sources */ = {
			isa = PBXSourcesBuildPhase;
			buildActionMask = 2147483647;
			files = (
				C2318FBB206245E900EF0C07 /* JWWaveViewTests.m in Sources */,
			);
			runOnlyForDeploymentPostprocessing = 0;
		};
		C2318FBD206245E900EF0C07 /* Sources */ = {
			isa = PBXSourcesBuildPhase;
			buildActionMask = 2147483647;
			files = (
				C2318FC6206245E900EF0C07 /* JWWaveViewUITests.m in Sources */,
			);
			runOnlyForDeploymentPostprocessing = 0;
		};
/* End PBXSourcesBuildPhase section */

/* Begin PBXTargetDependency section */
		C2318FB8206245E900EF0C07 /* PBXTargetDependency */ = {
			isa = PBXTargetDependency;
			target = C2318F9C206245E800EF0C07 /* JWWaveView */;
			targetProxy = C2318FB7206245E900EF0C07 /* PBXContainerItemProxy */;
		};
		C2318FC3206245E900EF0C07 /* PBXTargetDependency */ = {
			isa = PBXTargetDependency;
			target = C2318F9C206245E800EF0C07 /* JWWaveView */;
			targetProxy = C2318FC2206245E900EF0C07 /* PBXContainerItemProxy */;
		};
/* End PBXTargetDependency section */

/* Begin PBXVariantGroup section */
		C2318FAE206245E800EF0C07 /* LaunchScreen.storyboard */ = {
			isa = PBXVariantGroup;
			children = (
				C2318FAF206245E800EF0C07 /* Base */,
			);
			name = LaunchScreen.storyboard;
			sourceTree = "<group>";
		};
/* End PBXVariantGroup section */

/* Begin XCBuildConfiguration section */
		C2318FC8206245E900EF0C07 /* Debug */ = {
			isa = XCBuildConfiguration;
			buildSettings = {
				ALWAYS_SEARCH_USER_PATHS = NO;
				CLANG_ANALYZER_NONNULL = YES;
				CLANG_ANALYZER_NUMBER_OBJECT_CONVERSION = YES_AGGRESSIVE;
				CLANG_CXX_LANGUAGE_STANDARD = "gnu++0x";
				CLANG_CXX_LIBRARY = "libc++";
				CLANG_ENABLE_MODULES = YES;
				CLANG_ENABLE_OBJC_ARC = YES;
				CLANG_WARN_BOOL_CONVERSION = YES;
				CLANG_WARN_CONSTANT_CONVERSION = YES;
				CLANG_WARN_DIRECT_OBJC_ISA_USAGE = YES_ERROR;
				CLANG_WARN_DOCUMENTATION_COMMENTS = YES;
				CLANG_WARN_EMPTY_BODY = YES;
				CLANG_WARN_ENUM_CONVERSION = YES;
				CLANG_WARN_INFINITE_RECURSION = YES;
				CLANG_WARN_INT_CONVERSION = YES;
				CLANG_WARN_OBJC_ROOT_CLASS = YES_ERROR;
				CLANG_WARN_SUSPICIOUS_MOVE = YES;
				CLANG_WARN_UNREACHABLE_CODE = YES;
				CLANG_WARN__DUPLICATE_METHOD_MATCH = YES;
				"CODE_SIGN_IDENTITY[sdk=iphoneos*]" = "iPhone Developer";
				COPY_PHASE_STRIP = NO;
				DEBUG_INFORMATION_FORMAT = dwarf;
				ENABLE_STRICT_OBJC_MSGSEND = YES;
				ENABLE_TESTABILITY = YES;
				GCC_C_LANGUAGE_STANDARD = gnu99;
				GCC_DYNAMIC_NO_PIC = NO;
				GCC_NO_COMMON_BLOCKS = YES;
				GCC_OPTIMIZATION_LEVEL = 0;
				GCC_PREPROCESSOR_DEFINITIONS = (
					"DEBUG=1",
					"$(inherited)",
				);
				GCC_WARN_64_TO_32_BIT_CONVERSION = YES;
				GCC_WARN_ABOUT_RETURN_TYPE = YES_ERROR;
				GCC_WARN_UNDECLARED_SELECTOR = YES;
				GCC_WARN_UNINITIALIZED_AUTOS = YES_AGGRESSIVE;
				GCC_WARN_UNUSED_FUNCTION = YES;
				GCC_WARN_UNUSED_VARIABLE = YES;
				IPHONEOS_DEPLOYMENT_TARGET = 10.3;
				MTL_ENABLE_DEBUG_INFO = YES;
				ONLY_ACTIVE_ARCH = YES;
				SDKROOT = iphoneos;
			};
			name = Debug;
		};
		C2318FC9206245E900EF0C07 /* Release */ = {
			isa = XCBuildConfiguration;
			buildSettings = {
				ALWAYS_SEARCH_USER_PATHS = NO;
				CLANG_ANALYZER_NONNULL = YES;
				CLANG_ANALYZER_NUMBER_OBJECT_CONVERSION = YES_AGGRESSIVE;
				CLANG_CXX_LANGUAGE_STANDARD = "gnu++0x";
				CLANG_CXX_LIBRARY = "libc++";
				CLANG_ENABLE_MODULES = YES;
				CLANG_ENABLE_OBJC_ARC = YES;
				CLANG_WARN_BOOL_CONVERSION = YES;
				CLANG_WARN_CONSTANT_CONVERSION = YES;
				CLANG_WARN_DIRECT_OBJC_ISA_USAGE = YES_ERROR;
				CLANG_WARN_DOCUMENTATION_COMMENTS = YES;
				CLANG_WARN_EMPTY_BODY = YES;
				CLANG_WARN_ENUM_CONVERSION = YES;
				CLANG_WARN_INFINITE_RECURSION = YES;
				CLANG_WARN_INT_CONVERSION = YES;
				CLANG_WARN_OBJC_ROOT_CLASS = YES_ERROR;
				CLANG_WARN_SUSPICIOUS_MOVE = YES;
				CLANG_WARN_UNREACHABLE_CODE = YES;
				CLANG_WARN__DUPLICATE_METHOD_MATCH = YES;
				"CODE_SIGN_IDENTITY[sdk=iphoneos*]" = "iPhone Developer";
				COPY_PHASE_STRIP = NO;
				DEBUG_INFORMATION_FORMAT = "dwarf-with-dsym";
				ENABLE_NS_ASSERTIONS = NO;
				ENABLE_STRICT_OBJC_MSGSEND = YES;
				GCC_C_LANGUAGE_STANDARD = gnu99;
				GCC_NO_COMMON_BLOCKS = YES;
				GCC_WARN_64_TO_32_BIT_CONVERSION = YES;
				GCC_WARN_ABOUT_RETURN_TYPE = YES_ERROR;
				GCC_WARN_UNDECLARED_SELECTOR = YES;
				GCC_WARN_UNINITIALIZED_AUTOS = YES_AGGRESSIVE;
				GCC_WARN_UNUSED_FUNCTION = YES;
				GCC_WARN_UNUSED_VARIABLE = YES;
				IPHONEOS_DEPLOYMENT_TARGET = 10.3;
				MTL_ENABLE_DEBUG_INFO = NO;
				SDKROOT = iphoneos;
				VALIDATE_PRODUCT = YES;
			};
			name = Release;
		};
		C2318FCB206245E900EF0C07 /* Debug */ = {
			isa = XCBuildConfiguration;
			buildSettings = {
				ASSETCATALOG_COMPILER_APPICON_NAME = AppIcon;
				DEVELOPMENT_TEAM = Y39R442P5T;
				INFOPLIST_FILE = "$(SRCROOT)/JWWaveView/JWWaveView-Info.plist";
				IPHONEOS_DEPLOYMENT_TARGET = 8.0;
				LD_RUNPATH_SEARCH_PATHS = "$(inherited) @executable_path/Frameworks";
				PRODUCT_BUNDLE_IDENTIFIER = com.jiangwang.JWWaveView;
				PRODUCT_NAME = "$(TARGET_NAME)";
			};
			name = Debug;
		};
		C2318FCC206245E900EF0C07 /* Release */ = {
			isa = XCBuildConfiguration;
			buildSettings = {
				ASSETCATALOG_COMPILER_APPICON_NAME = AppIcon;
				DEVELOPMENT_TEAM = Y39R442P5T;
				INFOPLIST_FILE = "$(SRCROOT)/JWWaveView/JWWaveView-Info.plist";
				IPHONEOS_DEPLOYMENT_TARGET = 8.0;
				LD_RUNPATH_SEARCH_PATHS = "$(inherited) @executable_path/Frameworks";
				PRODUCT_BUNDLE_IDENTIFIER = com.jiangwang.JWWaveView;
				PRODUCT_NAME = "$(TARGET_NAME)";
			};
			name = Release;
		};
		C2318FCE206245E900EF0C07 /* Debug */ = {
			isa = XCBuildConfiguration;
			buildSettings = {
				BUNDLE_LOADER = "$(TEST_HOST)";
				DEVELOPMENT_TEAM = Y39R442P5T;
				INFOPLIST_FILE = JWWaveViewTests/Info.plist;
				LD_RUNPATH_SEARCH_PATHS = "$(inherited) @executable_path/Frameworks @loader_path/Frameworks";
				PRODUCT_BUNDLE_IDENTIFIER = com.jiangwang.JWWaveViewTests;
				PRODUCT_NAME = "$(TARGET_NAME)";
				TEST_HOST = "$(BUILT_PRODUCTS_DIR)/JWWaveView.app/JWWaveView";
			};
			name = Debug;
		};
		C2318FCF206245E900EF0C07 /* Release */ = {
			isa = XCBuildConfiguration;
			buildSettings = {
				BUNDLE_LOADER = "$(TEST_HOST)";
				DEVELOPMENT_TEAM = Y39R442P5T;
				INFOPLIST_FILE = JWWaveViewTests/Info.plist;
				LD_RUNPATH_SEARCH_PATHS = "$(inherited) @executable_path/Frameworks @loader_path/Frameworks";
				PRODUCT_BUNDLE_IDENTIFIER = com.jiangwang.JWWaveViewTests;
				PRODUCT_NAME = "$(TARGET_NAME)";
				TEST_HOST = "$(BUILT_PRODUCTS_DIR)/JWWaveView.app/JWWaveView";
			};
			name = Release;
		};
		C2318FD1206245E900EF0C07 /* Debug */ = {
			isa = XCBuildConfiguration;
			buildSettings = {
				DEVELOPMENT_TEAM = Y39R442P5T;
				INFOPLIST_FILE = JWWaveViewUITests/Info.plist;
				LD_RUNPATH_SEARCH_PATHS = "$(inherited) @executable_path/Frameworks @loader_path/Frameworks";
				PRODUCT_BUNDLE_IDENTIFIER = com.jiangwang.JWWaveViewUITests;
				PRODUCT_NAME = "$(TARGET_NAME)";
				TEST_TARGET_NAME = JWWaveView;
			};
			name = Debug;
		};
		C2318FD2206245E900EF0C07 /* Release */ = {
			isa = XCBuildConfiguration;
			buildSettings = {
				DEVELOPMENT_TEAM = Y39R442P5T;
				INFOPLIST_FILE = JWWaveViewUITests/Info.plist;
				LD_RUNPATH_SEARCH_PATHS = "$(inherited) @executable_path/Frameworks @loader_path/Frameworks";
				PRODUCT_BUNDLE_IDENTIFIER = com.jiangwang.JWWaveViewUITests;
				PRODUCT_NAME = "$(TARGET_NAME)";
				TEST_TARGET_NAME = JWWaveView;
			};
			name = Release;
		};
/* End XCBuildConfiguration section */

/* Begin XCConfigurationList section */
		C2318F98206245E800EF0C07 /* Build configuration list for PBXProject "JWWaveView" */ = {
			isa = XCConfigurationList;
			buildConfigurations = (
				C2318FC8206245E900EF0C07 /* Debug */,
				C2318FC9206245E900EF0C07 /* Release */,
			);
			defaultConfigurationIsVisible = 0;
			defaultConfigurationName = Release;
		};
		C2318FCA206245E900EF0C07 /* Build configuration list for PBXNativeTarget "JWWaveView" */ = {
			isa = XCConfigurationList;
			buildConfigurations = (
				C2318FCB206245E900EF0C07 /* Debug */,
				C2318FCC206245E900EF0C07 /* Release */,
			);
			defaultConfigurationIsVisible = 0;
			defaultConfigurationName = Release;
		};
		C2318FCD206245E900EF0C07 /* Build configuration list for PBXNativeTarget "JWWaveViewTests" */ = {
			isa = XCConfigurationList;
			buildConfigurations = (
				C2318FCE206245E900EF0C07 /* Debug */,
				C2318FCF206245E900EF0C07 /* Release */,
			);
			defaultConfigurationIsVisible = 0;
			defaultConfigurationName = Release;
		};
		C2318FD0206245E900EF0C07 /* Build configuration list for PBXNativeTarget "JWWaveViewUITests" */ = {
			isa = XCConfigurationList;
			buildConfigurations = (
				C2318FD1206245E900EF0C07 /* Debug */,
				C2318FD2206245E900EF0C07 /* Release */,
			);
			defaultConfigurationIsVisible = 0;
			defaultConfigurationName = Release;
		};
/* End XCConfigurationList section */
	};
	rootObject = C2318F95206245E800EF0C07 /* Project object */;
}
